// !$*UTF8*$!
{
	archiveVersion = 1;
	classes = {
	};
	objectVersion = 50;
	objects = {

/* Begin PBXBuildFile section */
		54CFD980250400EA006A05C3 /* AppDelegate.swift in Sources */ = {isa = PBXBuildFile; fileRef = 54CFD97F250400EA006A05C3 /* AppDelegate.swift */; };
		54CFD982250400EA006A05C3 /* SceneDelegate.swift in Sources */ = {isa = PBXBuildFile; fileRef = 54CFD981250400EA006A05C3 /* SceneDelegate.swift */; };
		54CFD984250400EA006A05C3 /* ContentView.swift in Sources */ = {isa = PBXBuildFile; fileRef = 54CFD983250400EA006A05C3 /* ContentView.swift */; };
		54CFD986250400EC006A05C3 /* Assets.xcassets in Resources */ = {isa = PBXBuildFile; fileRef = 54CFD985250400EC006A05C3 /* Assets.xcassets */; };
		54CFD989250400EC006A05C3 /* Preview Assets.xcassets in Resources */ = {isa = PBXBuildFile; fileRef = 54CFD988250400EC006A05C3 /* Preview Assets.xcassets */; };
		54CFD98C250400EC006A05C3 /* LaunchScreen.storyboard in Resources */ = {isa = PBXBuildFile; fileRef = 54CFD98A250400EC006A05C3 /* LaunchScreen.storyboard */; };
		54CFD99425040CE2006A05C3 /* Model.swift in Sources */ = {isa = PBXBuildFile; fileRef = 54CFD99325040CE2006A05C3 /* Model.swift */; };
		54CFD9972504219B006A05C3 /* Array+Extensions.swift in Sources */ = {isa = PBXBuildFile; fileRef = 54CFD9962504219B006A05C3 /* Array+Extensions.swift */; };
/* End PBXBuildFile section */

/* Begin PBXFileReference section */
		54CFD97C250400EA006A05C3 /* Unit Converter.app */ = {isa = PBXFileReference; explicitFileType = wrapper.application; includeInIndex = 0; path = "Unit Converter.app"; sourceTree = BUILT_PRODUCTS_DIR; };
		54CFD97F250400EA006A05C3 /* AppDelegate.swift */ = {isa = PBXFileReference; lastKnownFileType = sourcecode.swift; path = AppDelegate.swift; sourceTree = "<group>"; };
		54CFD981250400EA006A05C3 /* SceneDelegate.swift */ = {isa = PBXFileReference; lastKnownFileType = sourcecode.swift; path = SceneDelegate.swift; sourceTree = "<group>"; };
		54CFD983250400EA006A05C3 /* ContentView.swift */ = {isa = PBXFileReference; lastKnownFileType = sourcecode.swift; path = ContentView.swift; sourceTree = "<group>"; };
		54CFD985250400EC006A05C3 /* Assets.xcassets */ = {isa = PBXFileReference; lastKnownFileType = folder.assetcatalog; path = Assets.xcassets; sourceTree = "<group>"; };
		54CFD988250400EC006A05C3 /* Preview Assets.xcassets */ = {isa = PBXFileReference; lastKnownFileType = folder.assetcatalog; path = "Preview Assets.xcassets"; sourceTree = "<group>"; };
		54CFD98B250400EC006A05C3 /* Base */ = {isa = PBXFileReference; lastKnownFileType = file.storyboard; name = Base; path = Base.lproj/LaunchScreen.storyboard; sourceTree = "<group>"; };
		54CFD98D250400EC006A05C3 /* Info.plist */ = {isa = PBXFileReference; lastKnownFileType = text.plist.xml; path = Info.plist; sourceTree = "<group>"; };
		54CFD99325040CE2006A05C3 /* Model.swift */ = {isa = PBXFileReference; lastKnownFileType = sourcecode.swift; path = Model.swift; sourceTree = "<group>"; };
		54CFD9962504219B006A05C3 /* Array+Extensions.swift */ = {isa = PBXFileReference; lastKnownFileType = sourcecode.swift; path = "Array+Extensions.swift"; sourceTree = "<group>"; };
/* End PBXFileReference section */

/* Begin PBXFrameworksBuildPhase section */
		54CFD979250400EA006A05C3 /* Frameworks */ = {
			isa = PBXFrameworksBuildPhase;
			buildActionMask = 2147483647;
			files = (
			);
			runOnlyForDeploymentPostprocessing = 0;
		};
/* End PBXFrameworksBuildPhase section */

/* Begin PBXGroup section */
		54CFD973250400EA006A05C3 = {
			isa = PBXGroup;
			children = (
				54CFD97E250400EA006A05C3 /* UnitConverter */,
				54CFD97D250400EA006A05C3 /* Products */,
			);
			sourceTree = "<group>";
		};
		54CFD97D250400EA006A05C3 /* Products */ = {
			isa = PBXGroup;
			children = (
				54CFD97C250400EA006A05C3 /* Unit Converter.app */,
			);
			name = Products;
			sourceTree = "<group>";
		};
		54CFD97E250400EA006A05C3 /* UnitConverter */ = {
			isa = PBXGroup;
			children = (
				54CFD97F250400EA006A05C3 /* AppDelegate.swift */,
				54CFD981250400EA006A05C3 /* SceneDelegate.swift */,
				54CFD983250400EA006A05C3 /* ContentView.swift */,
				54CFD985250400EC006A05C3 /* Assets.xcassets */,
				54CFD98A250400EC006A05C3 /* LaunchScreen.storyboard */,
				54CFD98D250400EC006A05C3 /* Info.plist */,
				54CFD987250400EC006A05C3 /* Preview Content */,
				54CFD99325040CE2006A05C3 /* Model.swift */,
				54CFD9962504219B006A05C3 /* Array+Extensions.swift */,
			);
			path = UnitConverter;
			sourceTree = "<group>";
		};
		54CFD987250400EC006A05C3 /* Preview Content */ = {
			isa = PBXGroup;
			children = (
				54CFD988250400EC006A05C3 /* Preview Assets.xcassets */,
			);
			path = "Preview Content";
			sourceTree = "<group>";
		};
/* End PBXGroup section */

/* Begin PBXNativeTarget section */
		54CFD97B250400EA006A05C3 /* UnitConverter */ = {
			isa = PBXNativeTarget;
			buildConfigurationList = 54CFD990250400EC006A05C3 /* Build configuration list for PBXNativeTarget "UnitConverter" */;
			buildPhases = (
				54CFD978250400EA006A05C3 /* Sources */,
				54CFD979250400EA006A05C3 /* Frameworks */,
				54CFD97A250400EA006A05C3 /* Resources */,
			);
			buildRules = (
			);
			dependencies = (
			);
			name = UnitConverter;
			productName = UnitConverter;
			productReference = 54CFD97C250400EA006A05C3 /* Unit Converter.app */;
			productType = "com.apple.product-type.application";
		};
/* End PBXNativeTarget section */

/* Begin PBXProject section */
		54CFD974250400EA006A05C3 /* Project object */ = {
			isa = PBXProject;
			attributes = {
				LastSwiftUpdateCheck = 1160;
				LastUpgradeCheck = 1160;
				ORGANIZATIONNAME = "Julianny Favinha";
				TargetAttributes = {
					54CFD97B250400EA006A05C3 = {
						CreatedOnToolsVersion = 11.6;
					};
				};
			};
			buildConfigurationList = 54CFD977250400EA006A05C3 /* Build configuration list for PBXProject "UnitConverter" */;
			compatibilityVersion = "Xcode 9.3";
			developmentRegion = en;
			hasScannedForEncodings = 0;
			knownRegions = (
				en,
				Base,
			);
			mainGroup = 54CFD973250400EA006A05C3;
			productRefGroup = 54CFD97D250400EA006A05C3 /* Products */;
			projectDirPath = "";
			projectRoot = "";
			targets = (
				54CFD97B250400EA006A05C3 /* UnitConverter */,
			);
		};
/* End PBXProject section */

/* Begin PBXResourcesBuildPhase section */
		54CFD97A250400EA006A05C3 /* Resources */ = {
			isa = PBXResourcesBuildPhase;
			buildActionMask = 2147483647;
			files = (
				54CFD98C250400EC006A05C3 /* LaunchScreen.storyboard in Resources */,
				54CFD989250400EC006A05C3 /* Preview Assets.xcassets in Resources */,
				54CFD986250400EC006A05C3 /* Assets.xcassets in Resources */,
			);
			runOnlyForDeploymentPostprocessing = 0;
		};
/* End PBXResourcesBuildPhase section */

/* Begin PBXSourcesBuildPhase section */
		54CFD978250400EA006A05C3 /* Sources */ = {
			isa = PBXSourcesBuildPhase;
			buildActionMask = 2147483647;
			files = (
				54CFD980250400EA006A05C3 /* AppDelegate.swift in Sources */,
				54CFD9972504219B006A05C3 /* Array+Extensions.swift in Sources */,
				54CFD982250400EA006A05C3 /* SceneDelegate.swift in Sources */,
				54CFD984250400EA006A05C3 /* ContentView.swift in Sources */,
				54CFD99425040CE2006A05C3 /* Model.swift in Sources */,
			);
			runOnlyForDeploymentPostprocessing = 0;
		};
/* End PBXSourcesBuildPhase section */

/* Begin PBXVariantGroup section */
		54CFD98A250400EC006A05C3 /* LaunchScreen.storyboard */ = {
			isa = PBXVariantGroup;
			children = (
				54CFD98B250400EC006A05C3 /* Base */,
			);
			name = LaunchScreen.storyboard;
			sourceTree = "<group>";
		};
/* End PBXVariantGroup section */

/* Begin XCBuildConfiguration section */
		54CFD98E250400EC006A05C3 /* Debug */ = {
			isa = XCBuildConfiguration;
			buildSettings = {
				ALWAYS_SEARCH_USER_PATHS = NO;
				CLANG_ANALYZER_NONNULL = YES;
				CLANG_ANALYZER_NUMBER_OBJECT_CONVERSION = YES_AGGRESSIVE;
				CLANG_CXX_LANGUAGE_STANDARD = "gnu++14";
				CLANG_CXX_LIBRARY = "libc++";
				CLANG_ENABLE_MODULES = YES;
				CLANG_ENABLE_OBJC_ARC = YES;
				CLANG_ENABLE_OBJC_WEAK = YES;
				CLANG_WARN_BLOCK_CAPTURE_AUTORELEASING = YES;
				CLANG_WARN_BOOL_CONVERSION = YES;
				CLANG_WARN_COMMA = YES;
				CLANG_WARN_CONSTANT_CONVERSION = YES;
				CLANG_WARN_DEPRECATED_OBJC_IMPLEMENTATIONS = YES;
				CLANG_WARN_DIRECT_OBJC_ISA_USAGE = YES_ERROR;
				CLANG_WARN_DOCUMENTATION_COMMENTS = YES;
				CLANG_WARN_EMPTY_BODY = YES;
				CLANG_WARN_ENUM_CONVERSION = YES;
				CLANG_WARN_INFINITE_RECURSION = YES;
				CLANG_WARN_INT_CONVERSION = YES;
				CLANG_WARN_NON_LITERAL_NULL_CONVERSION = YES;
				CLANG_WARN_OBJC_IMPLICIT_RETAIN_SELF = YES;
				CLANG_WARN_OBJC_LITERAL_CONVERSION = YES;
				CLANG_WARN_OBJC_ROOT_CLASS = YES_ERROR;
				CLANG_WARN_RANGE_LOOP_ANALYSIS = YES;
				CLANG_WARN_STRICT_PROTOTYPES = YES;
				CLANG_WARN_SUSPICIOUS_MOVE = YES;
				CLANG_WARN_UNGUARDED_AVAILABILITY = YES_AGGRESSIVE;
				CLANG_WARN_UNREACHABLE_CODE = YES;
				CLANG_WARN__DUPLICATE_METHOD_MATCH = YES;
				COPY_PHASE_STRIP = NO;
				DEBUG_INFORMATION_FORMAT = dwarf;
				ENABLE_STRICT_OBJC_MSGSEND = YES;
				ENABLE_TESTABILITY = YES;
				GCC_C_LANGUAGE_STANDARD = gnu11;
				GCC_DYNAMIC_NO_PIC = NO;
				GCC_NO_COMMON_BLOCKS = YES;
				GCC_OPTIMIZATION_LEVEL = 0;
				GCC_PREPROCESSOR_DEFINITIONS = (
					"DEBUG=1",
					"$(inherited)",
				);
				GCC_WARN_64_TO_32_BIT_CONVERSION = YES;
				GCC_WARN_ABOUT_RETURN_TYPE = YES_ERROR;
				GCC_WARN_UNDECLARED_SELECTOR = YES;
				GCC_WARN_UNINITIALIZED_AUTOS = YES_AGGRESSIVE;
				GCC_WARN_UNUSED_FUNCTION = YES;
				GCC_WARN_UNUSED_VARIABLE = YES;
				IPHONEOS_DEPLOYMENT_TARGET = 13.6;
				MTL_ENABLE_DEBUG_INFO = INCLUDE_SOURCE;
				MTL_FAST_MATH = YES;
				ONLY_ACTIVE_ARCH = YES;
				SDKROOT = iphoneos;
				SWIFT_ACTIVE_COMPILATION_CONDITIONS = DEBUG;
				SWIFT_OPTIMIZATION_LEVEL = "-Onone";
			};
			name = Debug;
		};
		54CFD98F250400EC006A05C3 /* Release */ = {
			isa = XCBuildConfiguration;
			buildSettings = {
				ALWAYS_SEARCH_USER_PATHS = NO;
				CLANG_ANALYZER_NONNULL = YES;
				CLANG_ANALYZER_NUMBER_OBJECT_CONVERSION = YES_AGGRESSIVE;
				CLANG_CXX_LANGUAGE_STANDARD = "gnu++14";
				CLANG_CXX_LIBRARY = "libc++";
				CLANG_ENABLE_MODULES = YES;
				CLANG_ENABLE_OBJC_ARC = YES;
				CLANG_ENABLE_OBJC_WEAK = YES;
				CLANG_WARN_BLOCK_CAPTURE_AUTORELEASING = YES;
				CLANG_WARN_BOOL_CONVERSION = YES;
				CLANG_WARN_COMMA = YES;
				CLANG_WARN_CONSTANT_CONVERSION = YES;
				CLANG_WARN_DEPRECATED_OBJC_IMPLEMENTATIONS = YES;
				CLANG_WARN_DIRECT_OBJC_ISA_USAGE = YES_ERROR;
				CLANG_WARN_DOCUMENTATION_COMMENTS = YES;
				CLANG_WARN_EMPTY_BODY = YES;
				CLANG_WARN_ENUM_CONVERSION = YES;
				CLANG_WARN_INFINITE_RECURSION = YES;
				CLANG_WARN_INT_CONVERSION = YES;
				CLANG_WARN_NON_LITERAL_NULL_CONVERSION = YES;
				CLANG_WARN_OBJC_IMPLICIT_RETAIN_SELF = YES;
				CLANG_WARN_OBJC_LITERAL_CONVERSION = YES;
				CLANG_WARN_OBJC_ROOT_CLASS = YES_ERROR;
				CLANG_WARN_RANGE_LOOP_ANALYSIS = YES;
				CLANG_WARN_STRICT_PROTOTYPES = YES;
				CLANG_WARN_SUSPICIOUS_MOVE = YES;
				CLANG_WARN_UNGUARDED_AVAILABILITY = YES_AGGRESSIVE;
				CLANG_WARN_UNREACHABLE_CODE = YES;
				CLANG_WARN__DUPLICATE_METHOD_MATCH = YES;
				COPY_PHASE_STRIP = NO;
				DEBUG_INFORMATION_FORMAT = "dwarf-with-dsym";
				ENABLE_NS_ASSERTIONS = NO;
				ENABLE_STRICT_OBJC_MSGSEND = YES;
				GCC_C_LANGUAGE_STANDARD = gnu11;
				GCC_NO_COMMON_BLOCKS = YES;
				GCC_WARN_64_TO_32_BIT_CONVERSION = YES;
				GCC_WARN_ABOUT_RETURN_TYPE = YES_ERROR;
				GCC_WARN_UNDECLARED_SELECTOR = YES;
				GCC_WARN_UNINITIALIZED_AUTOS = YES_AGGRESSIVE;
				GCC_WARN_UNUSED_FUNCTION = YES;
				GCC_WARN_UNUSED_VARIABLE = YES;
				IPHONEOS_DEPLOYMENT_TARGET = 13.6;
				MTL_ENABLE_DEBUG_INFO = NO;
				MTL_FAST_MATH = YES;
				SDKROOT = iphoneos;
				SWIFT_COMPILATION_MODE = wholemodule;
				SWIFT_OPTIMIZATION_LEVEL = "-O";
				VALIDATE_PRODUCT = YES;
			};
			name = Release;
		};
		54CFD991250400EC006A05C3 /* Debug */ = {
			isa = XCBuildConfiguration;
			buildSettings = {
				ASSETCATALOG_COMPILER_APPICON_NAME = AppIcon;
				CODE_SIGN_STYLE = Automatic;
				DEVELOPMENT_ASSET_PATHS = "\"UnitConverter/Preview Content\"";
				ENABLE_PREVIEWS = YES;
				INFOPLIST_FILE = UnitConverter/Info.plist;
				LD_RUNPATH_SEARCH_PATHS = (
					"$(inherited)",
					"@executable_path/Frameworks",
				);
				PRODUCT_BUNDLE_IDENTIFIER = Favinha.UnitConverter;
				PRODUCT_NAME = "Unit Converter";
				SWIFT_VERSION = 5.0;
				TARGETED_DEVICE_FAMILY = "1,2";
			};
			name = Debug;
		};
		54CFD992250400EC006A05C3 /* Release */ = {
			isa = XCBuildConfiguration;
			buildSettings = {
				ASSETCATALOG_COMPILER_APPICON_NAME = AppIcon;
				CODE_SIGN_STYLE = Automatic;
				DEVELOPMENT_ASSET_PATHS = "\"UnitConverter/Preview Content\"";
				ENABLE_PREVIEWS = YES;
				INFOPLIST_FILE = UnitConverter/Info.plist;
				LD_RUNPATH_SEARCH_PATHS = (
					"$(inherited)",
					"@executable_path/Frameworks",
				);
				PRODUCT_BUNDLE_IDENTIFIER = Favinha.UnitConverter;
				PRODUCT_NAME = "Unit Converter";
				SWIFT_VERSION = 5.0;
				TARGETED_DEVICE_FAMILY = "1,2";
			};
			name = Release;
		};
/* End XCBuildConfiguration section */

/* Begin XCConfigurationList section */
		54CFD977250400EA006A05C3 /* Build configuration list for PBXProject "UnitConverter" */ = {
			isa = XCConfigurationList;
			buildConfigurations = (
				54CFD98E250400EC006A05C3 /* Debug */,
				54CFD98F250400EC006A05C3 /* Release */,
			);
			defaultConfigurationIsVisible = 0;
			defaultConfigurationName = Release;
		};
		54CFD990250400EC006A05C3 /* Build configuration list for PBXNativeTarget "UnitConverter" */ = {
			isa = XCConfigurationList;
			buildConfigurations = (
				54CFD991250400EC006A05C3 /* Debug */,
				54CFD992250400EC006A05C3 /* Release */,
			);
			defaultConfigurationIsVisible = 0;
			defaultConfigurationName = Release;
		};
/* End XCConfigurationList section */
	};
	rootObject = 54CFD974250400EA006A05C3 /* Project object */;
}
